
Microsoft Visual Studio Solution File, Format Version 12.00
# Visual Studio Version 17
VisualStudioVersion = 17.13.35913.81 d17.13
MinimumVisualStudioVersion = 10.0.40219.1
Project("{FAE04EC0-301F-11D3-BF4B-00C04F79EFBC}") = "Camada_Domain", "Camada_Domain\Camada_Domain.csproj", "{DEB501C0-9CC7-4B47-B59C-9C7662BD6CFC}"
EndProject
Project("{FAE04EC0-301F-11D3-BF4B-00C04F79EFBC}") = "Camada_Infra", "Camada_Infra\Camada_Infra.csproj", "{FC76E884-B5F6-4FA1-A037-5382FCCBED42}"
EndProject
Project("{FAE04EC0-301F-11D3-BF4B-00C04F79EFBC}") = "Camada_Application", "Camada_Application\Camada_Application.csproj", "{24566758-8948-406C-963E-D98502EEA2BA}"
EndProject
Project("{FAE04EC0-301F-11D3-BF4B-00C04F79EFBC}") = "Camada_Presentation_ConsoleApp", "Camada_Presentation_ConsoleApp\Camada_Presentation_ConsoleApp.csproj", "{20870E75-0E40-4282-AEDB-31C51044C085}"
EndProject
Global
	GlobalSection(SolutionConfigurationPlatforms) = preSolution
		Debug|Any CPU = Debug|Any CPU
		Release|Any CPU = Release|Any CPU
	EndGlobalSection
	GlobalSection(ProjectConfigurationPlatforms) = postSolution
		{DEB501C0-9CC7-4B47-B59C-9C7662BD6CFC}.Debug|Any CPU.ActiveCfg = Debug|Any CPU
		{DEB501C0-9CC7-4B47-B59C-9C7662BD6CFC}.Debug|Any CPU.Build.0 = Debug|Any CPU
		{DEB501C0-9CC7-4B47-B59C-9C7662BD6CFC}.Release|Any CPU.ActiveCfg = Release|Any CPU
		{DEB501C0-9CC7-4B47-B59C-9C7662BD6CFC}.Release|Any CPU.Build.0 = Release|Any CPU
		{FC76E884-B5F6-4FA1-A037-5382FCCBED42}.Debug|Any CPU.ActiveCfg = Debug|Any CPU
		{FC76E884-B5F6-4FA1-A037-5382FCCBED42}.Debug|Any CPU.Build.0 = Debug|Any CPU
		{FC76E884-B5F6-4FA1-A037-5382FCCBED42}.Release|Any CPU.ActiveCfg = Release|Any CPU
		{FC76E884-B5F6-4FA1-A037-5382FCCBED42}.Release|Any CPU.Build.0 = Release|Any CPU
		{24566758-8948-406C-963E-D98502EEA2BA}.Debug|Any CPU.ActiveCfg = Debug|Any CPU
		{24566758-8948-406C-963E-D98502EEA2BA}.Debug|Any CPU.Build.0 = Debug|Any CPU
		{24566758-8948-406C-963E-D98502EEA2BA}.Release|Any CPU.ActiveCfg = Release|Any CPU
		{24566758-8948-406C-963E-D98502EEA2BA}.Release|Any CPU.Build.0 = Release|Any CPU
		{20870E75-0E40-4282-AEDB-31C51044C085}.Debug|Any CPU.ActiveCfg = Debug|Any CPU
		{20870E75-0E40-4282-AEDB-31C51044C085}.Debug|Any CPU.Build.0 = Debug|Any CPU
		{20870E75-0E40-4282-AEDB-31C51044C085}.Release|Any CPU.ActiveCfg = Release|Any CPU
		{20870E75-0E40-4282-AEDB-31C51044C085}.Release|Any CPU.Build.0 = Release|Any CPU
	EndGlobalSection
	GlobalSection(SolutionProperties) = preSolution
		HideSolutionNode = FALSE
	EndGlobalSection
	GlobalSection(ExtensibilityGlobals) = postSolution
		SolutionGuid = {BE8B95A0-2847-4BB4-834A-88E8627A6932}
	EndGlobalSection
EndGlobal
